
Microsoft Visual Studio Solution File, Format Version 12.00
# Visual Studio Version 17
VisualStudioVersion = 17.3.32929.385
MinimumVisualStudioVersion = 10.0.40219.1
Project("{9A19103F-16F7-4668-BE54-9A1E7A4F7556}") = "Crypto.ArqLimpia.EN", "Crypto.ArqLimpia.EN\Crypto.ArqLimpia.EN.csproj", "{590A8103-D948-4DA9-8952-044A2137F210}"
EndProject
Project("{2150E333-8FDC-42A3-9474-1A3956D46DE8}") = "Enterprise Bussines Rules", "Enterprise Bussines Rules", "{65A4D330-8681-4530-8E5D-C43C72C4466A}"
EndProject
Project("{2150E333-8FDC-42A3-9474-1A3956D46DE8}") = "Aplication Bussines Rules", "Aplication Bussines Rules", "{3328AA02-A9F6-4363-80BF-9538A4AAE604}"
EndProject
Project("{2150E333-8FDC-42A3-9474-1A3956D46DE8}") = "Interface Adapter", "Interface Adapter", "{3DD237D6-82B2-45BA-B3A3-843BD1283CB1}"
EndProject
Project("{9A19103F-16F7-4668-BE54-9A1E7A4F7556}") = "Crypto.ArqLimpia.EN.Interfaces", "Crypto.ArqLimpia.EN.Interfaces\Crypto.ArqLimpia.EN.Interfaces.csproj", "{2FCCEE8A-64B9-4B1B-8E0B-001153C012B9}"
EndProject
Project("{9A19103F-16F7-4668-BE54-9A1E7A4F7556}") = "Crypto.ArqLimpia.BL", "Crypto.ArqLimpi.BL\Crypto.ArqLimpia.BL.csproj", "{455B0000-4C8C-47EF-8405-6AE2E3D5E6AE}"
EndProject
Project("{9A19103F-16F7-4668-BE54-9A1E7A4F7556}") = "Crypto.ArqLimpia.BL.Interfaces", "Crypto.ArqLimpia.BL.Interfaces\Crypto.ArqLimpia.BL.Interfaces.csproj", "{F96D172D-15C5-4B15-9893-D68093BEF396}"
EndProject
Project("{9A19103F-16F7-4668-BE54-9A1E7A4F7556}") = "Crypto.ArqLimpia.BL.DTOs", "Crypto.ArqLimpia.BL.DTOs\Crypto.ArqLimpia.BL.DTOs.csproj", "{AF958A92-7423-4F37-AE6C-1D66E89C2387}"
EndProject
Project("{9A19103F-16F7-4668-BE54-9A1E7A4F7556}") = "Crypto.ArqLimpia.DAL", "Crypto.ArqLimpia.DAL\Crypto.ArqLimpia.DAL.csproj", "{8D05395B-B0C2-4E6F-A556-AC8ED3040D71}"
EndProject
Project("{2150E333-8FDC-42A3-9474-1A3956D46DE8}") = "FrameworksandDrivers", "FrameworksandDrivers", "{727528C5-C00A-44B7-822F-86D17F75E2BD}"
EndProject
Project("{FAE04EC0-301F-11D3-BF4B-00C04F79EFBC}") = "Crypto.Web.MVC", "Crypto.Web.MVC\Crypto.Web.MVC.csproj", "{E1F6B785-3D5E-4518-92C8-293EE0BE022D}"
EndProject
Global
	GlobalSection(SolutionConfigurationPlatforms) = preSolution
		Debug|Any CPU = Debug|Any CPU
		Release|Any CPU = Release|Any CPU
	EndGlobalSection
	GlobalSection(ProjectConfigurationPlatforms) = postSolution
		{590A8103-D948-4DA9-8952-044A2137F210}.Debug|Any CPU.ActiveCfg = Debug|Any CPU
		{590A8103-D948-4DA9-8952-044A2137F210}.Debug|Any CPU.Build.0 = Debug|Any CPU
		{590A8103-D948-4DA9-8952-044A2137F210}.Release|Any CPU.ActiveCfg = Release|Any CPU
		{590A8103-D948-4DA9-8952-044A2137F210}.Release|Any CPU.Build.0 = Release|Any CPU
		{2FCCEE8A-64B9-4B1B-8E0B-001153C012B9}.Debug|Any CPU.ActiveCfg = Debug|Any CPU
		{2FCCEE8A-64B9-4B1B-8E0B-001153C012B9}.Debug|Any CPU.Build.0 = Debug|Any CPU
		{2FCCEE8A-64B9-4B1B-8E0B-001153C012B9}.Release|Any CPU.ActiveCfg = Release|Any CPU
		{2FCCEE8A-64B9-4B1B-8E0B-001153C012B9}.Release|Any CPU.Build.0 = Release|Any CPU
		{455B0000-4C8C-47EF-8405-6AE2E3D5E6AE}.Debug|Any CPU.ActiveCfg = Debug|Any CPU
		{455B0000-4C8C-47EF-8405-6AE2E3D5E6AE}.Debug|Any CPU.Build.0 = Debug|Any CPU
		{455B0000-4C8C-47EF-8405-6AE2E3D5E6AE}.Release|Any CPU.ActiveCfg = Release|Any CPU
		{455B0000-4C8C-47EF-8405-6AE2E3D5E6AE}.Release|Any CPU.Build.0 = Release|Any CPU
		{F96D172D-15C5-4B15-9893-D68093BEF396}.Debug|Any CPU.ActiveCfg = Debug|Any CPU
		{F96D172D-15C5-4B15-9893-D68093BEF396}.Debug|Any CPU.Build.0 = Debug|Any CPU
		{F96D172D-15C5-4B15-9893-D68093BEF396}.Release|Any CPU.ActiveCfg = Release|Any CPU
		{F96D172D-15C5-4B15-9893-D68093BEF396}.Release|Any CPU.Build.0 = Release|Any CPU
		{AF958A92-7423-4F37-AE6C-1D66E89C2387}.Debug|Any CPU.ActiveCfg = Debug|Any CPU
		{AF958A92-7423-4F37-AE6C-1D66E89C2387}.Debug|Any CPU.Build.0 = Debug|Any CPU
		{AF958A92-7423-4F37-AE6C-1D66E89C2387}.Release|Any CPU.ActiveCfg = Release|Any CPU
		{AF958A92-7423-4F37-AE6C-1D66E89C2387}.Release|Any CPU.Build.0 = Release|Any CPU
		{8D05395B-B0C2-4E6F-A556-AC8ED3040D71}.Debug|Any CPU.ActiveCfg = Debug|Any CPU
		{8D05395B-B0C2-4E6F-A556-AC8ED3040D71}.Debug|Any CPU.Build.0 = Debug|Any CPU
		{8D05395B-B0C2-4E6F-A556-AC8ED3040D71}.Release|Any CPU.ActiveCfg = Release|Any CPU
		{8D05395B-B0C2-4E6F-A556-AC8ED3040D71}.Release|Any CPU.Build.0 = Release|Any CPU
		{E1F6B785-3D5E-4518-92C8-293EE0BE022D}.Debug|Any CPU.ActiveCfg = Debug|Any CPU
		{E1F6B785-3D5E-4518-92C8-293EE0BE022D}.Debug|Any CPU.Build.0 = Debug|Any CPU
		{E1F6B785-3D5E-4518-92C8-293EE0BE022D}.Release|Any CPU.ActiveCfg = Release|Any CPU
		{E1F6B785-3D5E-4518-92C8-293EE0BE022D}.Release|Any CPU.Build.0 = Release|Any CPU
	EndGlobalSection
	GlobalSection(SolutionProperties) = preSolution
		HideSolutionNode = FALSE
	EndGlobalSection
	GlobalSection(NestedProjects) = preSolution
		{590A8103-D948-4DA9-8952-044A2137F210} = {65A4D330-8681-4530-8E5D-C43C72C4466A}
		{2FCCEE8A-64B9-4B1B-8E0B-001153C012B9} = {65A4D330-8681-4530-8E5D-C43C72C4466A}
		{455B0000-4C8C-47EF-8405-6AE2E3D5E6AE} = {3328AA02-A9F6-4363-80BF-9538A4AAE604}
		{F96D172D-15C5-4B15-9893-D68093BEF396} = {3328AA02-A9F6-4363-80BF-9538A4AAE604}
		{AF958A92-7423-4F37-AE6C-1D66E89C2387} = {3328AA02-A9F6-4363-80BF-9538A4AAE604}
		{8D05395B-B0C2-4E6F-A556-AC8ED3040D71} = {3DD237D6-82B2-45BA-B3A3-843BD1283CB1}
		{E1F6B785-3D5E-4518-92C8-293EE0BE022D} = {727528C5-C00A-44B7-822F-86D17F75E2BD}
	EndGlobalSection
	GlobalSection(ExtensibilityGlobals) = postSolution
		SolutionGuid = {B2B3371A-5C24-4D52-AF88-C7ECB7F84CE4}
	EndGlobalSection
EndGlobal
